
Microsoft Visual Studio Solution File, Format Version 12.00
# Visual Studio 2012
Project("{FAE04EC0-301F-11D3-BF4B-00C04F79EFBC}") = "SingleTon", "SingleTon\SingleTon.csproj", "{EDD7C92D-7A48-4395-BE6E-434731A72AC8}"
EndProject
Global
	GlobalSection(SolutionConfigurationPlatforms) = preSolution
		Debug|Any CPU = Debug|Any CPU
		Release|Any CPU = Release|Any CPU
	EndGlobalSection
	GlobalSection(ProjectConfigurationPlatforms) = postSolution
		{EDD7C92D-7A48-4395-BE6E-434731A72AC8}.Debug|Any CPU.ActiveCfg = Debug|Any CPU
		{EDD7C92D-7A48-4395-BE6E-434731A72AC8}.Debug|Any CPU.Build.0 = Debug|Any CPU
		{EDD7C92D-7A48-4395-BE6E-434731A72AC8}.Release|Any CPU.ActiveCfg = Release|Any CPU
		{EDD7C92D-7A48-4395-BE6E-434731A72AC8}.Release|Any CPU.Build.0 = Release|Any CPU
	EndGlobalSection
	GlobalSection(SolutionProperties) = preSolution
		HideSolutionNode = FALSE
	EndGlobalSection
EndGlobal
