
Microsoft Visual Studio Solution File, Format Version 12.00
# Visual Studio 2012
Project("{FAE04EC0-301F-11D3-BF4B-00C04F79EFBC}") = "GetStudentDetails", "GetStudentDetails\GetStudentDetails.csproj", "{864945DE-BE45-4FA6-BAC1-1AA1DC2A65E9}"
EndProject
Global
	GlobalSection(SolutionConfigurationPlatforms) = preSolution
		Debug|Any CPU = Debug|Any CPU
		Release|Any CPU = Release|Any CPU
	EndGlobalSection
	GlobalSection(ProjectConfigurationPlatforms) = postSolution
		{864945DE-BE45-4FA6-BAC1-1AA1DC2A65E9}.Debug|Any CPU.ActiveCfg = Debug|Any CPU
		{864945DE-BE45-4FA6-BAC1-1AA1DC2A65E9}.Debug|Any CPU.Build.0 = Debug|Any CPU
		{864945DE-BE45-4FA6-BAC1-1AA1DC2A65E9}.Release|Any CPU.ActiveCfg = Release|Any CPU
		{864945DE-BE45-4FA6-BAC1-1AA1DC2A65E9}.Release|Any CPU.Build.0 = Release|Any CPU
	EndGlobalSection
	GlobalSection(SolutionProperties) = preSolution
		HideSolutionNode = FALSE
	EndGlobalSection
EndGlobal
