
Microsoft Visual Studio Solution File, Format Version 12.00
# Visual Studio 2012
Project("{FAE04EC0-301F-11D3-BF4B-00C04F79EFBC}") = "Binary", "Binary\Binary.csproj", "{5B16A6CD-D98A-4981-A973-5E1D13296043}"
EndProject
Global
	GlobalSection(SolutionConfigurationPlatforms) = preSolution
		Debug|Any CPU = Debug|Any CPU
		Release|Any CPU = Release|Any CPU
	EndGlobalSection
	GlobalSection(ProjectConfigurationPlatforms) = postSolution
		{5B16A6CD-D98A-4981-A973-5E1D13296043}.Debug|Any CPU.ActiveCfg = Debug|Any CPU
		{5B16A6CD-D98A-4981-A973-5E1D13296043}.Debug|Any CPU.Build.0 = Debug|Any CPU
		{5B16A6CD-D98A-4981-A973-5E1D13296043}.Release|Any CPU.ActiveCfg = Release|Any CPU
		{5B16A6CD-D98A-4981-A973-5E1D13296043}.Release|Any CPU.Build.0 = Release|Any CPU
	EndGlobalSection
	GlobalSection(SolutionProperties) = preSolution
		HideSolutionNode = FALSE
	EndGlobalSection
EndGlobal
